hash: f69406b0c9530569a148f34f25281a11ff9ac248d7e50a7a809292ba069a2bae
updated: 2016-02-29T11:45:46.670986998Z
imports:
- name: github.com/beorn7/perks
  version: b965b613227fddccbfffe13eae360ed3fa822f8d
  subpackages:
  - quantile
- name: github.com/BurntSushi/toml
  version: a4eecd407cf4129fc902ece859a0114e4cf1a7f4
- name: github.com/coreos/go-systemd
  version: 7b2428fec40033549c68f54e26e89e7ca9a9ce31
  subpackages:
  - activation
- name: github.com/facebookgo/clock
  version: 600d898af40aa09a7a93ecb9265d87b0504b6f03
- name: github.com/facebookgo/grace
  version: 7bb4d324f907e1d9ed0c9969370911adafdf8601
  repo: https://github.com/gnanderson/grace.git
  subpackages:
  - gracehttp
  - gracenet
- name: github.com/facebookgo/httpdown
  version: 1fa03998d20119dfe4ef73f56a638d83048052e2
- name: github.com/facebookgo/stats
  version: 1b76add642e42c6ffba7211ad7b3939ce654526e
- name: github.com/gnanderson/trie
  version: d1ee10f3b6eb07a50262341181e1e1fa98b39eed
- name: github.com/golang/protobuf
  version: 552c7b9542c194800fd493123b3798ef0a832032
  subpackages:
  - proto
- name: github.com/hashicorp/hcl
  version: 1c284ec98f4b398443cbabb0d9197f7f4cc0077c
  subpackages:
  - hcl/ast
  - hcl/parser
  - hcl/token
  - json/parser
  - hcl/scanner
  - hcl/strconv
  - json/scanner
  - json/token
- name: github.com/kavu/go_reuseport
  version: 9da06d1f7fbdeef62cd704585261f85a9296895e
- name: github.com/kr/pretty
  version: e6ac2fc51e89a3249e82157fa0bb7a18ef9dd5bb
- name: github.com/kr/text
  version: bb797dc4fb8320488f47bf11de07a733d7233e1f
- name: github.com/magiconair/properties
  version: 497d0afefddf378f9ffb3c89db6a326985908519
- name: github.com/matttproud/golang_protobuf_extensions
  version: d0c3fe89de86839aecf2e0579c40ba3bb336a453
  subpackages:
  - pbutil
- name: github.com/mitchellh/mapstructure
  version: d2dd0262208475919e1a362f675cfc0e7c10e905
- name: github.com/NYTimes/gziphandler
  version: a88790d49798560db24af70fb6a10a66e2549a72
- name: github.com/prometheus/client_golang
  version: 18acf9993a863f4c4b40612e19cdd243e7c86831
  subpackages:
  - prometheus
- name: github.com/prometheus/client_model
  version: fa8ad6fec33561be4280a8f0514318c79d7f6cb6
  subpackages:
  - go
- name: github.com/prometheus/common
  version: e8eabff8812b05acf522b45fdcd725a785188e37
  subpackages:
  - expfmt
  - internal/bitbucket.org/ww/goautoneg
  - model
- name: github.com/prometheus/procfs
  version: 406e5b7bfd8201a36e2bb5f7bdae0b03380c2ce8
- name: github.com/spf13/cast
  version: ee7b3e0353166ab1f3a605294ac8cd2b77953778
- name: github.com/spf13/jwalterweatherman
  version: d00654080cddbd2b082acaa74007cb94a2b40866
- name: github.com/spf13/pflag
  version: 7f60f83a2c81bc3c3c0d5297f61ddfa68da9d3b7
- name: github.com/spf13/viper
  version: c975dc1b4eacf4ec7fdbf0873638de5d090ba323
- name: golang.scot/liberty/env
  version: bc43c59fdc7e4e9739f634c0bc35adb313c91062
  repo: https://github.com/golang-scot/liberty.git
- name: golang.scot/liberty/router
  version: bc43c59fdc7e4e9739f634c0bc35adb313c91062
  repo: https://github.com/golang-scot/liberty.git
- name: gopkg.in/fsnotify.v1
  version: 8611c35ab31c1c28aa903d33cf8b6e44a399b09e
- name: gopkg.in/yaml.v2
  version: f7716cbe52baa25d2e9b0d0da546fcf909fc16b4
devImports: []
